// !$*UTF8*$!
{
	archiveVersion = 1;
	classes = {
	};
	objectVersion = 56;
	objects = {

/* Begin PBXBuildFile section */
		333608932AD72C32000984B6 /* IdentifiedCollections+.swift in Sources */ = {isa = PBXBuildFile; fileRef = 333608922AD72C32000984B6 /* IdentifiedCollections+.swift */; };
		333608992AD73BC7000984B6 /* Pegboard.swift in Sources */ = {isa = PBXBuildFile; fileRef = 333608982AD73BC7000984B6 /* Pegboard.swift */; };
		3336089E2AD742C0000984B6 /* View+navigationOverlay.swift in Sources */ = {isa = PBXBuildFile; fileRef = 3336089D2AD742C0000984B6 /* View+navigationOverlay.swift */; };
		33B78C172AC732D0005FC780 /* Game.swift in Sources */ = {isa = PBXBuildFile; fileRef = 33B78C162AC732D0005FC780 /* Game.swift */; };
		33B78C1D2AC73426005FC780 /* Collection+.swift in Sources */ = {isa = PBXBuildFile; fileRef = 33B78C1C2AC73426005FC780 /* Collection+.swift */; };
		33B78C202AC73471005FC780 /* Peg.swift in Sources */ = {isa = PBXBuildFile; fileRef = 33B78C1F2AC73471005FC780 /* Peg.swift */; };
		33B78C242AC73882005FC780 /* RoundedRectangleButtonStyle.swift in Sources */ = {isa = PBXBuildFile; fileRef = 33B78C232AC73882005FC780 /* RoundedRectangleButtonStyle.swift */; };
		33E6E3562ABE2AAF00B76E4A /* Main.swift in Sources */ = {isa = PBXBuildFile; fileRef = 33E6E3552ABE2AAF00B76E4A /* Main.swift */; };
		33E6E3582ABE2AAF00B76E4A /* AppReducer.swift in Sources */ = {isa = PBXBuildFile; fileRef = 33E6E3572ABE2AAF00B76E4A /* AppReducer.swift */; };
		33E6E35A2ABE2AB000B76E4A /* Assets.xcassets in Resources */ = {isa = PBXBuildFile; fileRef = 33E6E3592ABE2AB000B76E4A /* Assets.xcassets */; };
		33E6E35D2ABE2AB000B76E4A /* Preview Assets.xcassets in Resources */ = {isa = PBXBuildFile; fileRef = 33E6E35C2ABE2AB000B76E4A /* Preview Assets.xcassets */; };
		33E6E3652ABE2EFD00B76E4A /* ComposableArchitecture in Frameworks */ = {isa = PBXBuildFile; productRef = 33E6E3642ABE2EFD00B76E4A /* ComposableArchitecture */; };
		33F2C8D52AD606A7004574A2 /* GameOver.swift in Sources */ = {isa = PBXBuildFile; fileRef = 33F2C8D42AD606A7004574A2 /* GameOver.swift */; };
/* End PBXBuildFile section */

/* Begin PBXFileReference section */
		333608922AD72C32000984B6 /* IdentifiedCollections+.swift */ = {isa = PBXFileReference; lastKnownFileType = sourcecode.swift; path = "IdentifiedCollections+.swift"; sourceTree = "<group>"; };
		333608982AD73BC7000984B6 /* Pegboard.swift */ = {isa = PBXFileReference; lastKnownFileType = sourcecode.swift; path = Pegboard.swift; sourceTree = "<group>"; };
		3336089D2AD742C0000984B6 /* View+navigationOverlay.swift */ = {isa = PBXFileReference; lastKnownFileType = sourcecode.swift; path = "View+navigationOverlay.swift"; sourceTree = "<group>"; };
		33B78C162AC732D0005FC780 /* Game.swift */ = {isa = PBXFileReference; lastKnownFileType = sourcecode.swift; path = Game.swift; sourceTree = "<group>"; };
		33B78C1C2AC73426005FC780 /* Collection+.swift */ = {isa = PBXFileReference; lastKnownFileType = sourcecode.swift; path = "Collection+.swift"; sourceTree = "<group>"; };
		33B78C1F2AC73471005FC780 /* Peg.swift */ = {isa = PBXFileReference; lastKnownFileType = sourcecode.swift; path = Peg.swift; sourceTree = "<group>"; };
		33B78C232AC73882005FC780 /* RoundedRectangleButtonStyle.swift */ = {isa = PBXFileReference; lastKnownFileType = sourcecode.swift; path = RoundedRectangleButtonStyle.swift; sourceTree = "<group>"; };
		33E6E3522ABE2AAF00B76E4A /* PegGame.app */ = {isa = PBXFileReference; explicitFileType = wrapper.application; includeInIndex = 0; path = PegGame.app; sourceTree = BUILT_PRODUCTS_DIR; };
		33E6E3552ABE2AAF00B76E4A /* Main.swift */ = {isa = PBXFileReference; lastKnownFileType = sourcecode.swift; path = Main.swift; sourceTree = "<group>"; };
		33E6E3572ABE2AAF00B76E4A /* AppReducer.swift */ = {isa = PBXFileReference; lastKnownFileType = sourcecode.swift; path = AppReducer.swift; sourceTree = "<group>"; };
		33E6E3592ABE2AB000B76E4A /* Assets.xcassets */ = {isa = PBXFileReference; lastKnownFileType = folder.assetcatalog; path = Assets.xcassets; sourceTree = "<group>"; };
		33E6E35C2ABE2AB000B76E4A /* Preview Assets.xcassets */ = {isa = PBXFileReference; lastKnownFileType = folder.assetcatalog; path = "Preview Assets.xcassets"; sourceTree = "<group>"; };
		33F2C8D42AD606A7004574A2 /* GameOver.swift */ = {isa = PBXFileReference; lastKnownFileType = sourcecode.swift; path = GameOver.swift; sourceTree = "<group>"; };
/* End PBXFileReference section */

/* Begin PBXFrameworksBuildPhase section */
		33E6E34F2ABE2AAF00B76E4A /* Frameworks */ = {
			isa = PBXFrameworksBuildPhase;
			buildActionMask = 2147483647;
			files = (
				33E6E3652ABE2EFD00B76E4A /* ComposableArchitecture in Frameworks */,
			);
			runOnlyForDeploymentPostprocessing = 0;
		};
/* End PBXFrameworksBuildPhase section */

/* Begin PBXGroup section */
		33316E212ACAEFFB00CB5E49 /* Views */ = {
			isa = PBXGroup;
			children = (
			);
			path = Views;
			sourceTree = "<group>";
		};
		333608962AD73B9D000984B6 /* AppReducer */ = {
			isa = PBXGroup;
			children = (
				33E6E3572ABE2AAF00B76E4A /* AppReducer.swift */,
			);
			path = AppReducer;
			sourceTree = "<group>";
		};
		333608972AD73BA3000984B6 /* Game */ = {
			isa = PBXGroup;
			children = (
				33B78C162AC732D0005FC780 /* Game.swift */,
			);
			path = Game;
			sourceTree = "<group>";
		};
		3336089A2AD73FFC000984B6 /* Pegboard */ = {
			isa = PBXGroup;
			children = (
				333608982AD73BC7000984B6 /* Pegboard.swift */,
			);
			path = Pegboard;
			sourceTree = "<group>";
		};
		3336089B2AD74050000984B6 /* GameOver */ = {
			isa = PBXGroup;
			children = (
				33F2C8D42AD606A7004574A2 /* GameOver.swift */,
			);
			path = GameOver;
			sourceTree = "<group>";
		};
		3336089C2AD742B5000984B6 /* ViewModifiers */ = {
			isa = PBXGroup;
			children = (
				3336089D2AD742C0000984B6 /* View+navigationOverlay.swift */,
			);
			path = ViewModifiers;
			sourceTree = "<group>";
		};
		33B78C182AC733F4005FC780 /* Features */ = {
			isa = PBXGroup;
			children = (
				333608962AD73B9D000984B6 /* AppReducer */,
				333608972AD73BA3000984B6 /* Game */,
				3336089B2AD74050000984B6 /* GameOver */,
				3336089A2AD73FFC000984B6 /* Pegboard */,
			);
			path = Features;
			sourceTree = "<group>";
		};
		33B78C192AC733FA005FC780 /* Resources */ = {
			isa = PBXGroup;
			children = (
				33E6E35B2ABE2AB000B76E4A /* Preview Content */,
				33E6E3552ABE2AAF00B76E4A /* Main.swift */,
				33E6E3592ABE2AB000B76E4A /* Assets.xcassets */,
			);
			path = Resources;
			sourceTree = "<group>";
		};
		33B78C1A2AC73401005FC780 /* Dependencies */ = {
			isa = PBXGroup;
			children = (
			);
			path = Dependencies;
			sourceTree = "<group>";
		};
		33B78C1B2AC7341A005FC780 /* Util */ = {
			isa = PBXGroup;
			children = (
				33B78C1C2AC73426005FC780 /* Collection+.swift */,
				333608922AD72C32000984B6 /* IdentifiedCollections+.swift */,
			);
			path = Util;
			sourceTree = "<group>";
		};
		33B78C1E2AC7346B005FC780 /* Models */ = {
			isa = PBXGroup;
			children = (
				33B78C1F2AC73471005FC780 /* Peg.swift */,
			);
			path = Models;
			sourceTree = "<group>";
		};
		33B78C212AC7386E005FC780 /* SwiftUI */ = {
			isa = PBXGroup;
			children = (
				3336089C2AD742B5000984B6 /* ViewModifiers */,
				33316E212ACAEFFB00CB5E49 /* Views */,
				33B78C222AC73874005FC780 /* ButtonStyles */,
			);
			path = SwiftUI;
			sourceTree = "<group>";
		};
		33B78C222AC73874005FC780 /* ButtonStyles */ = {
			isa = PBXGroup;
			children = (
				33B78C232AC73882005FC780 /* RoundedRectangleButtonStyle.swift */,
			);
			path = ButtonStyles;
			sourceTree = "<group>";
		};
		33E6E3492ABE2AAF00B76E4A = {
			isa = PBXGroup;
			children = (
				33E6E3542ABE2AAF00B76E4A /* PegGame */,
				33E6E3532ABE2AAF00B76E4A /* Products */,
			);
			sourceTree = "<group>";
		};
		33E6E3532ABE2AAF00B76E4A /* Products */ = {
			isa = PBXGroup;
			children = (
				33E6E3522ABE2AAF00B76E4A /* PegGame.app */,
			);
			name = Products;
			sourceTree = "<group>";
		};
		33E6E3542ABE2AAF00B76E4A /* PegGame */ = {
			isa = PBXGroup;
			children = (
				33B78C1A2AC73401005FC780 /* Dependencies */,
				33B78C182AC733F4005FC780 /* Features */,
				33B78C1E2AC7346B005FC780 /* Models */,
				33B78C192AC733FA005FC780 /* Resources */,
				33B78C212AC7386E005FC780 /* SwiftUI */,
				33B78C1B2AC7341A005FC780 /* Util */,
			);
			path = PegGame;
			sourceTree = "<group>";
		};
		33E6E35B2ABE2AB000B76E4A /* Preview Content */ = {
			isa = PBXGroup;
			children = (
				33E6E35C2ABE2AB000B76E4A /* Preview Assets.xcassets */,
			);
			path = "Preview Content";
			sourceTree = "<group>";
		};
/* End PBXGroup section */

/* Begin PBXNativeTarget section */
		33E6E3512ABE2AAF00B76E4A /* PegGame */ = {
			isa = PBXNativeTarget;
			buildConfigurationList = 33E6E3602ABE2AB000B76E4A /* Build configuration list for PBXNativeTarget "PegGame" */;
			buildPhases = (
				33E6E34E2ABE2AAF00B76E4A /* Sources */,
				33E6E34F2ABE2AAF00B76E4A /* Frameworks */,
				33E6E3502ABE2AAF00B76E4A /* Resources */,
			);
			buildRules = (
			);
			dependencies = (
			);
			name = PegGame;
			packageProductDependencies = (
				33E6E3642ABE2EFD00B76E4A /* ComposableArchitecture */,
			);
			productName = PegGame;
			productReference = 33E6E3522ABE2AAF00B76E4A /* PegGame.app */;
			productType = "com.apple.product-type.application";
		};
/* End PBXNativeTarget section */

/* Begin PBXProject section */
		33E6E34A2ABE2AAF00B76E4A /* Project object */ = {
			isa = PBXProject;
			attributes = {
				BuildIndependentTargetsInParallel = 1;
				LastSwiftUpdateCheck = 1500;
				LastUpgradeCheck = 1500;
				TargetAttributes = {
					33E6E3512ABE2AAF00B76E4A = {
						CreatedOnToolsVersion = 15.0;
					};
				};
			};
			buildConfigurationList = 33E6E34D2ABE2AAF00B76E4A /* Build configuration list for PBXProject "PegGame" */;
			compatibilityVersion = "Xcode 14.0";
			developmentRegion = en;
			hasScannedForEncodings = 0;
			knownRegions = (
				en,
				Base,
			);
			mainGroup = 33E6E3492ABE2AAF00B76E4A;
			packageReferences = (
				33E6E3632ABE2EFD00B76E4A /* XCRemoteSwiftPackageReference "swift-composable-architecture" */,
			);
			productRefGroup = 33E6E3532ABE2AAF00B76E4A /* Products */;
			projectDirPath = "";
			projectRoot = "";
			targets = (
				33E6E3512ABE2AAF00B76E4A /* PegGame */,
			);
		};
/* End PBXProject section */

/* Begin PBXResourcesBuildPhase section */
		33E6E3502ABE2AAF00B76E4A /* Resources */ = {
			isa = PBXResourcesBuildPhase;
			buildActionMask = 2147483647;
			files = (
				33E6E35D2ABE2AB000B76E4A /* Preview Assets.xcassets in Resources */,
				33E6E35A2ABE2AB000B76E4A /* Assets.xcassets in Resources */,
			);
			runOnlyForDeploymentPostprocessing = 0;
		};
/* End PBXResourcesBuildPhase section */

/* Begin PBXSourcesBuildPhase section */
		33E6E34E2ABE2AAF00B76E4A /* Sources */ = {
			isa = PBXSourcesBuildPhase;
			buildActionMask = 2147483647;
			files = (
				33B78C202AC73471005FC780 /* Peg.swift in Sources */,
				33E6E3582ABE2AAF00B76E4A /* AppReducer.swift in Sources */,
				33F2C8D52AD606A7004574A2 /* GameOver.swift in Sources */,
				33B78C172AC732D0005FC780 /* Game.swift in Sources */,
				33B78C242AC73882005FC780 /* RoundedRectangleButtonStyle.swift in Sources */,
				33E6E3562ABE2AAF00B76E4A /* Main.swift in Sources */,
				333608932AD72C32000984B6 /* IdentifiedCollections+.swift in Sources */,
				3336089E2AD742C0000984B6 /* View+navigationOverlay.swift in Sources */,
				333608992AD73BC7000984B6 /* Pegboard.swift in Sources */,
				33B78C1D2AC73426005FC780 /* Collection+.swift in Sources */,
			);
			runOnlyForDeploymentPostprocessing = 0;
		};
/* End PBXSourcesBuildPhase section */

/* Begin XCBuildConfiguration section */
		33E6E35E2ABE2AB000B76E4A /* Debug */ = {
			isa = XCBuildConfiguration;
			buildSettings = {
				ALWAYS_SEARCH_USER_PATHS = NO;
				ASSETCATALOG_COMPILER_GENERATE_SWIFT_ASSET_SYMBOL_EXTENSIONS = YES;
				CLANG_ANALYZER_NONNULL = YES;
				CLANG_ANALYZER_NUMBER_OBJECT_CONVERSION = YES_AGGRESSIVE;
				CLANG_CXX_LANGUAGE_STANDARD = "gnu++20";
				CLANG_ENABLE_MODULES = YES;
				CLANG_ENABLE_OBJC_ARC = YES;
				CLANG_ENABLE_OBJC_WEAK = YES;
				CLANG_WARN_BLOCK_CAPTURE_AUTORELEASING = YES;
				CLANG_WARN_BOOL_CONVERSION = YES;
				CLANG_WARN_COMMA = YES;
				CLANG_WARN_CONSTANT_CONVERSION = YES;
				CLANG_WARN_DEPRECATED_OBJC_IMPLEMENTATIONS = YES;
				CLANG_WARN_DIRECT_OBJC_ISA_USAGE = YES_ERROR;
				CLANG_WARN_DOCUMENTATION_COMMENTS = YES;
				CLANG_WARN_EMPTY_BODY = YES;
				CLANG_WARN_ENUM_CONVERSION = YES;
				CLANG_WARN_INFINITE_RECURSION = YES;
				CLANG_WARN_INT_CONVERSION = YES;
				CLANG_WARN_NON_LITERAL_NULL_CONVERSION = YES;
				CLANG_WARN_OBJC_IMPLICIT_RETAIN_SELF = YES;
				CLANG_WARN_OBJC_LITERAL_CONVERSION = YES;
				CLANG_WARN_OBJC_ROOT_CLASS = YES_ERROR;
				CLANG_WARN_QUOTED_INCLUDE_IN_FRAMEWORK_HEADER = YES;
				CLANG_WARN_RANGE_LOOP_ANALYSIS = YES;
				CLANG_WARN_STRICT_PROTOTYPES = YES;
				CLANG_WARN_SUSPICIOUS_MOVE = YES;
				CLANG_WARN_UNGUARDED_AVAILABILITY = YES_AGGRESSIVE;
				CLANG_WARN_UNREACHABLE_CODE = YES;
				CLANG_WARN__DUPLICATE_METHOD_MATCH = YES;
				COPY_PHASE_STRIP = NO;
				DEBUG_INFORMATION_FORMAT = dwarf;
				ENABLE_STRICT_OBJC_MSGSEND = YES;
				ENABLE_TESTABILITY = YES;
				ENABLE_USER_SCRIPT_SANDBOXING = YES;
				GCC_C_LANGUAGE_STANDARD = gnu17;
				GCC_DYNAMIC_NO_PIC = NO;
				GCC_NO_COMMON_BLOCKS = YES;
				GCC_OPTIMIZATION_LEVEL = 0;
				GCC_PREPROCESSOR_DEFINITIONS = (
					"DEBUG=1",
					"$(inherited)",
				);
				GCC_WARN_64_TO_32_BIT_CONVERSION = YES;
				GCC_WARN_ABOUT_RETURN_TYPE = YES_ERROR;
				GCC_WARN_UNDECLARED_SELECTOR = YES;
				GCC_WARN_UNINITIALIZED_AUTOS = YES_AGGRESSIVE;
				GCC_WARN_UNUSED_FUNCTION = YES;
				GCC_WARN_UNUSED_VARIABLE = YES;
				IPHONEOS_DEPLOYMENT_TARGET = 16.0;
				LOCALIZATION_PREFERS_STRING_CATALOGS = YES;
				MTL_ENABLE_DEBUG_INFO = INCLUDE_SOURCE;
				MTL_FAST_MATH = YES;
				ONLY_ACTIVE_ARCH = YES;
				SDKROOT = iphoneos;
				SWIFT_ACTIVE_COMPILATION_CONDITIONS = "DEBUG $(inherited)";
				SWIFT_OPTIMIZATION_LEVEL = "-Onone";
			};
			name = Debug;
		};
		33E6E35F2ABE2AB000B76E4A /* Release */ = {
			isa = XCBuildConfiguration;
			buildSettings = {
				ALWAYS_SEARCH_USER_PATHS = NO;
				ASSETCATALOG_COMPILER_GENERATE_SWIFT_ASSET_SYMBOL_EXTENSIONS = YES;
				CLANG_ANALYZER_NONNULL = YES;
				CLANG_ANALYZER_NUMBER_OBJECT_CONVERSION = YES_AGGRESSIVE;
				CLANG_CXX_LANGUAGE_STANDARD = "gnu++20";
				CLANG_ENABLE_MODULES = YES;
				CLANG_ENABLE_OBJC_ARC = YES;
				CLANG_ENABLE_OBJC_WEAK = YES;
				CLANG_WARN_BLOCK_CAPTURE_AUTORELEASING = YES;
				CLANG_WARN_BOOL_CONVERSION = YES;
				CLANG_WARN_COMMA = YES;
				CLANG_WARN_CONSTANT_CONVERSION = YES;
				CLANG_WARN_DEPRECATED_OBJC_IMPLEMENTATIONS = YES;
				CLANG_WARN_DIRECT_OBJC_ISA_USAGE = YES_ERROR;
				CLANG_WARN_DOCUMENTATION_COMMENTS = YES;
				CLANG_WARN_EMPTY_BODY = YES;
				CLANG_WARN_ENUM_CONVERSION = YES;
				CLANG_WARN_INFINITE_RECURSION = YES;
				CLANG_WARN_INT_CONVERSION = YES;
				CLANG_WARN_NON_LITERAL_NULL_CONVERSION = YES;
				CLANG_WARN_OBJC_IMPLICIT_RETAIN_SELF = YES;
				CLANG_WARN_OBJC_LITERAL_CONVERSION = YES;
				CLANG_WARN_OBJC_ROOT_CLASS = YES_ERROR;
				CLANG_WARN_QUOTED_INCLUDE_IN_FRAMEWORK_HEADER = YES;
				CLANG_WARN_RANGE_LOOP_ANALYSIS = YES;
				CLANG_WARN_STRICT_PROTOTYPES = YES;
				CLANG_WARN_SUSPICIOUS_MOVE = YES;
				CLANG_WARN_UNGUARDED_AVAILABILITY = YES_AGGRESSIVE;
				CLANG_WARN_UNREACHABLE_CODE = YES;
				CLANG_WARN__DUPLICATE_METHOD_MATCH = YES;
				COPY_PHASE_STRIP = NO;
				DEBUG_INFORMATION_FORMAT = "dwarf-with-dsym";
				ENABLE_NS_ASSERTIONS = NO;
				ENABLE_STRICT_OBJC_MSGSEND = YES;
				ENABLE_USER_SCRIPT_SANDBOXING = YES;
				GCC_C_LANGUAGE_STANDARD = gnu17;
				GCC_NO_COMMON_BLOCKS = YES;
				GCC_WARN_64_TO_32_BIT_CONVERSION = YES;
				GCC_WARN_ABOUT_RETURN_TYPE = YES_ERROR;
				GCC_WARN_UNDECLARED_SELECTOR = YES;
				GCC_WARN_UNINITIALIZED_AUTOS = YES_AGGRESSIVE;
				GCC_WARN_UNUSED_FUNCTION = YES;
				GCC_WARN_UNUSED_VARIABLE = YES;
				IPHONEOS_DEPLOYMENT_TARGET = 16.0;
				LOCALIZATION_PREFERS_STRING_CATALOGS = YES;
				MTL_ENABLE_DEBUG_INFO = NO;
				MTL_FAST_MATH = YES;
				SDKROOT = iphoneos;
				SWIFT_COMPILATION_MODE = wholemodule;
				VALIDATE_PRODUCT = YES;
			};
			name = Release;
		};
		33E6E3612ABE2AB000B76E4A /* Debug */ = {
			isa = XCBuildConfiguration;
			buildSettings = {
				ASSETCATALOG_COMPILER_APPICON_NAME = AppIcon;
				ASSETCATALOG_COMPILER_GLOBAL_ACCENT_COLOR_NAME = AccentColor;
				CODE_SIGN_STYLE = Automatic;
				CURRENT_PROJECT_VERSION = 1;
				DEVELOPMENT_ASSET_PATHS = "\"PegGame/Resources/Preview Content\"";
				DEVELOPMENT_TEAM = ME637H7ZM9;
				ENABLE_PREVIEWS = YES;
				GENERATE_INFOPLIST_FILE = YES;
				INFOPLIST_KEY_UIApplicationSceneManifest_Generation = YES;
				INFOPLIST_KEY_UIApplicationSupportsIndirectInputEvents = YES;
				INFOPLIST_KEY_UILaunchScreen_Generation = YES;
				INFOPLIST_KEY_UISupportedInterfaceOrientations_iPad = "UIInterfaceOrientationPortrait UIInterfaceOrientationPortraitUpsideDown UIInterfaceOrientationLandscapeLeft UIInterfaceOrientationLandscapeRight";
				INFOPLIST_KEY_UISupportedInterfaceOrientations_iPhone = "UIInterfaceOrientationPortrait UIInterfaceOrientationLandscapeLeft UIInterfaceOrientationLandscapeRight";
				IPHONEOS_DEPLOYMENT_TARGET = 17.0;
				LD_RUNPATH_SEARCH_PATHS = (
					"$(inherited)",
					"@executable_path/Frameworks",
				);
				MARKETING_VERSION = 1.0;
				PRODUCT_BUNDLE_IDENTIFIER = com.deda.PegGame;
				PRODUCT_NAME = "$(TARGET_NAME)";
				SWIFT_EMIT_LOC_STRINGS = YES;
				SWIFT_VERSION = 5.0;
				TARGETED_DEVICE_FAMILY = "1,2";
			};
			name = Debug;
		};
		33E6E3622ABE2AB000B76E4A /* Release */ = {
			isa = XCBuildConfiguration;
			buildSettings = {
				ASSETCATALOG_COMPILER_APPICON_NAME = AppIcon;
				ASSETCATALOG_COMPILER_GLOBAL_ACCENT_COLOR_NAME = AccentColor;
				CODE_SIGN_STYLE = Automatic;
				CURRENT_PROJECT_VERSION = 1;
				DEVELOPMENT_ASSET_PATHS = "\"PegGame/Resources/Preview Content\"";
				DEVELOPMENT_TEAM = ME637H7ZM9;
				ENABLE_PREVIEWS = YES;
				GENERATE_INFOPLIST_FILE = YES;
				INFOPLIST_KEY_UIApplicationSceneManifest_Generation = YES;
				INFOPLIST_KEY_UIApplicationSupportsIndirectInputEvents = YES;
				INFOPLIST_KEY_UILaunchScreen_Generation = YES;
				INFOPLIST_KEY_UISupportedInterfaceOrientations_iPad = "UIInterfaceOrientationPortrait UIInterfaceOrientationPortraitUpsideDown UIInterfaceOrientationLandscapeLeft UIInterfaceOrientationLandscapeRight";
				INFOPLIST_KEY_UISupportedInterfaceOrientations_iPhone = "UIInterfaceOrientationPortrait UIInterfaceOrientationLandscapeLeft UIInterfaceOrientationLandscapeRight";
				IPHONEOS_DEPLOYMENT_TARGET = 17.0;
				LD_RUNPATH_SEARCH_PATHS = (
					"$(inherited)",
					"@executable_path/Frameworks",
				);
				MARKETING_VERSION = 1.0;
				PRODUCT_BUNDLE_IDENTIFIER = com.deda.PegGame;
				PRODUCT_NAME = "$(TARGET_NAME)";
				SWIFT_EMIT_LOC_STRINGS = YES;
				SWIFT_VERSION = 5.0;
				TARGETED_DEVICE_FAMILY = "1,2";
			};
			name = Release;
		};
/* End XCBuildConfiguration section */

/* Begin XCConfigurationList section */
		33E6E34D2ABE2AAF00B76E4A /* Build configuration list for PBXProject "PegGame" */ = {
			isa = XCConfigurationList;
			buildConfigurations = (
				33E6E35E2ABE2AB000B76E4A /* Debug */,
				33E6E35F2ABE2AB000B76E4A /* Release */,
			);
			defaultConfigurationIsVisible = 0;
			defaultConfigurationName = Release;
		};
		33E6E3602ABE2AB000B76E4A /* Build configuration list for PBXNativeTarget "PegGame" */ = {
			isa = XCConfigurationList;
			buildConfigurations = (
				33E6E3612ABE2AB000B76E4A /* Debug */,
				33E6E3622ABE2AB000B76E4A /* Release */,
			);
			defaultConfigurationIsVisible = 0;
			defaultConfigurationName = Release;
		};
/* End XCConfigurationList section */

/* Begin XCRemoteSwiftPackageReference section */
		33E6E3632ABE2EFD00B76E4A /* XCRemoteSwiftPackageReference "swift-composable-architecture" */ = {
			isa = XCRemoteSwiftPackageReference;
			repositoryURL = "https://github.com/pointfreeco/swift-composable-architecture";
			requirement = {
				kind = upToNextMajorVersion;
				minimumVersion = 1.2.0;
			};
		};
/* End XCRemoteSwiftPackageReference section */

/* Begin XCSwiftPackageProductDependency section */
		33E6E3642ABE2EFD00B76E4A /* ComposableArchitecture */ = {
			isa = XCSwiftPackageProductDependency;
			package = 33E6E3632ABE2EFD00B76E4A /* XCRemoteSwiftPackageReference "swift-composable-architecture" */;
			productName = ComposableArchitecture;
		};
/* End XCSwiftPackageProductDependency section */
	};
	rootObject = 33E6E34A2ABE2AAF00B76E4A /* Project object */;
}
